{
  "name": "zadanieJonkisz",
  "lockfileVersion": 3,
  "requires": true,
  "packages": {
    "": {
      "dependencies": {
        "@uiw/react-color": "^2.10.0",
        "react-colorful": "^5.6.1"
      }
    },
    "node_modules/@babel/runtime": {
      "version": "7.29.2",
      "resolved": "https://registry.npmjs.org/@babel/runtime/-/runtime-7.29.2.tgz",
      "integrity": "sha512-JiDShH45zKHWyGe4ZNVRrCjBz8Nh9TMmZG1kh4QTK8hCBTWBi8Da+i7s1fJw7/lYpM4ccepSNfqzZ/QvABBi5g==",
      "license": "MIT",
      "peer": true,
      "engines": {
        "node": ">=6.9.0"
      }
    },
    "node_modules/@uiw/color-convert": {
      "version": "2.10.0",
      "resolved": "https://registry.npmjs.org/@uiw/color-convert/-/color-convert-2.10.0.tgz",
      "integrity": "sha512-4woviyrzPi3Xauo12lnKTgNlugCk0su2PhjtZiHZuakK0yQNOMeN/QZi9W8ASb/DuRS7bSr8jSyIHLRYml90+g==",
      "license": "MIT",
      "funding": {
        "url": "https://jaywcjlove.github.io/#/sponsor"
      },
      "peerDependencies": {
        "@babel/runtime": ">=7.19.0"
      }
    },
    "node_modules/@uiw/react-color": {
      "version": "2.10.0",
      "resolved": "https://registry.npmjs.org/@uiw/react-color/-/react-color-2.10.0.tgz",
      "integrity": "sha512-8YWAgEXen5FeFi6Qhd0SBYjEGntUZDt0vRExgkscjbkb3ACsY7nZrYNWDF8ED6jInpVp2+uYsOP4+MDubsUjsA==",
      "license": "MIT",
      "dependencies": {
        "@uiw/color-convert": "2.10.0",
        "@uiw/react-color-alpha": "2.10.0",
        "@uiw/react-color-block": "2.10.0",
        "@uiw/react-color-chrome": "2.10.0",
        "@uiw/react-color-circle": "2.10.0",
        "@uiw/react-color-colorful": "2.10.0",
        "@uiw/react-color-compact": "2.10.0",
        "@uiw/react-color-editable-input": "2.10.0",
        "@uiw/react-color-editable-input-hsla": "2.10.0",
        "@uiw/react-color-editable-input-rgba": "2.10.0",
        "@uiw/react-color-github": "2.10.0",
        "@uiw/react-color-hue": "2.10.0",
        "@uiw/react-color-material": "2.10.0",
        "@uiw/react-color-name": "2.10.0",
        "@uiw/react-color-saturation": "2.10.0",
        "@uiw/react-color-shade-slider": "2.10.0",
        "@uiw/react-color-sketch": "2.10.0",
        "@uiw/react-color-slider": "2.10.0",
        "@uiw/react-color-swatch": "2.10.0",
        "@uiw/react-color-wheel": "2.10.0"
      },
      "funding": {
        "url": "https://jaywcjlove.github.io/#/sponsor"
      },
      "peerDependencies": {
        "@babel/runtime": ">=7.19.0",
        "react": ">=16.9.0",
        "react-dom": ">=16.9.0"
      }
    },
    "node_modules/@uiw/react-color-alpha": {
      "version": "2.10.0",
      "resolved": "https://registry.npmjs.org/@uiw/react-color-alpha/-/react-color-alpha-2.10.0.tgz",
      "integrity": "sha512-2uGoCuDlqBm3CN/RI3XbOwxIF7GJKwyUUpN/krMEOLg7HhIJMYWxrhDZ4SCQecGPeR/b8o3XTxV7+PHIZMcgMw==",
      "license": "MIT",
      "dependencies": {
        "@uiw/color-convert": "2.10.0",
        "@uiw/react-drag-event-interactive": "2.10.0"
      },
      "funding": {
        "url": "https://jaywcjlove.github.io/#/sponsor"
      },
      "peerDependencies": {
        "@babel/runtime": ">=7.19.0",
        "react": ">=16.9.0",
        "react-dom": ">=16.9.0"
      }
    },
    "node_modules/@uiw/react-color-block": {
      "version": "2.10.0",
      "resolved": "https://registry.npmjs.org/@uiw/react-color-block/-/react-color-block-2.10.0.tgz",
      "integrity": "sha512-uBwxbWwIdGqxbVbeXcDR7O4WT4wfLOfeDit+wogYxrwjLdd6txB1YX/x6ELtFiVx+BhSd9YyVvkPaJGabZhk0Q==",
      "license": "MIT",
      "dependencies": {
        "@uiw/color-convert": "2.10.0",
        "@uiw/react-color-editable-input": "2.10.0",
        "@uiw/react-color-swatch": "2.10.0"
      },
      "funding": {
        "url": "https://jaywcjlove.github.io/#/sponsor"
      },
      "peerDependencies": {
        "@babel/runtime": ">=7.19.0",
        "react": ">=16.9.0",
        "react-dom": ">=16.9.0"
      }
    },
    "node_modules/@uiw/react-color-chrome": {
      "version": "2.10.0",
      "resolved": "https://registry.npmjs.org/@uiw/react-color-chrome/-/react-color-chrome-2.10.0.tgz",
      "integrity": "sha512-gfKr/pdFESqCx0PywmKHxYPd5NfyVnB0wgFhKsITH1EC7zgAkDxUB3gyA9ihNL53TpqN28O461G59CoaBVBPOg==",
      "license": "MIT",
      "dependencies": {
        "@uiw/color-convert": "2.10.0",
        "@uiw/react-color-alpha": "2.10.0",
        "@uiw/react-color-editable-input": "2.10.0",
        "@uiw/react-color-editable-input-hsla": "2.10.0",
        "@uiw/react-color-editable-input-rgba": "2.10.0",
        "@uiw/react-color-github": "2.10.0",
        "@uiw/react-color-hue": "2.10.0",
        "@uiw/react-color-saturation": "2.10.0"
      },
      "funding": {
        "url": "https://jaywcjlove.github.io/#/sponsor"
      },
      "peerDependencies": {
        "@babel/runtime": ">=7.19.0",
        "react": ">=16.9.0",
        "react-dom": ">=16.9.0"
      }
    },
    "node_modules/@uiw/react-color-circle": {
      "version": "2.10.0",
      "resolved": "https://registry.npmjs.org/@uiw/react-color-circle/-/react-color-circle-2.10.0.tgz",
      "integrity": "sha512-1E61c0nOqHijAXN+IsWSOer/asZj41gU+/Wda3XkUHWu219ZIhu/koTpvRLEFJKs5akvXLJlO0Oq4BqmugEiMQ==",
      "license": "MIT",
      "dependencies": {
        "@uiw/color-convert": "2.10.0",
        "@uiw/react-color-swatch": "2.10.0"
      },
      "funding": {
        "url": "https://jaywcjlove.github.io/#/sponsor"
      },
      "peerDependencies": {
        "@babel/runtime": ">=7.19.0",
        "react": ">=16.9.0",
        "react-dom": ">=16.9.0"
      }
    },
    "node_modules/@uiw/react-color-colorful": {
      "version": "2.10.0",
      "resolved": "https://registry.npmjs.org/@uiw/react-color-colorful/-/react-color-colorful-2.10.0.tgz",
      "integrity": "sha512-eQVojLvOz+LNjBwIValgu2tNJfXEOvnXZDLCr6jlKYjofwgBluQ+Z2lRrfpfmS4auJmsZsQh5dUXrF8kEwnI6g==",
      "license": "MIT",
      "dependencies": {
        "@uiw/color-convert": "2.10.0",
        "@uiw/react-color-alpha": "2.10.0",
        "@uiw/react-color-hue": "2.10.0",
        "@uiw/react-color-saturation": "2.10.0"
      },
      "funding": {
        "url": "https://jaywcjlove.github.io/#/sponsor"
      },
      "peerDependencies": {
        "@babel/runtime": ">=7.19.0",
        "react": ">=16.9.0",
        "react-dom": ">=16.9.0"
      }
    },
    "node_modules/@uiw/react-color-compact": {
      "version": "2.10.0",
      "resolved": "https://registry.npmjs.org/@uiw/react-color-compact/-/react-color-compact-2.10.0.tgz",
      "integrity": "sha512-AI8OPFlj4mBCUjBP4EMU4CL5NxSN29LGqutwX8aWqRtSp1T7cLO+KfRFivyJHCvh4af2Wa+z+5ALRFgvzgeGDg==",
      "license": "MIT",
      "dependencies": {
        "@uiw/color-convert": "2.10.0",
        "@uiw/react-color-editable-input": "2.10.0",
        "@uiw/react-color-editable-input-rgba": "2.10.0",
        "@uiw/react-color-swatch": "2.10.0"
      },
      "funding": {
        "url": "https://jaywcjlove.github.io/#/sponsor"
      },
      "peerDependencies": {
        "@babel/runtime": ">=7.19.0",
        "react": ">=16.9.0",
        "react-dom": ">=16.9.0"
      }
    },
    "node_modules/@uiw/react-color-editable-input": {
      "version": "2.10.0",
      "resolved": "https://registry.npmjs.org/@uiw/react-color-editable-input/-/react-color-editable-input-2.10.0.tgz",
      "integrity": "sha512-hMNnuSdr0mtKSyfYwjPODKP0ZJrPKWmUAf0QtlzSwQKkFxdW5hxyVR7aXB2cc+1j44kmTcSyKqQjNS5bx6nY/g==",
      "license": "MIT",
      "funding": {
        "url": "https://jaywcjlove.github.io/#/sponsor"
      },
      "peerDependencies": {
        "@babel/runtime": ">=7.19.0",
        "react": ">=16.9.0",
        "react-dom": ">=16.9.0"
      }
    },
    "node_modules/@uiw/react-color-editable-input-hsla": {
      "version": "2.10.0",
      "resolved": "https://registry.npmjs.org/@uiw/react-color-editable-input-hsla/-/react-color-editable-input-hsla-2.10.0.tgz",
      "integrity": "sha512-nSful4fAAWuVXSVAk2Qqi5RQzVFtHLgUS1FsQ1fsUOsLSNS5KPkybCabzhaprEIiSMBDTNTyFe4K1SM+poHeiQ==",
      "license": "MIT",
      "dependencies": {
        "@uiw/color-convert": "2.10.0",
        "@uiw/react-color-editable-input-rgba": "2.10.0"
      },
      "funding": {
        "url": "https://jaywcjlove.github.io/#/sponsor"
      },
      "peerDependencies": {
        "@babel/runtime": ">=7.19.0",
        "react": ">=16.9.0",
        "react-dom": ">=16.9.0"
      }
    },
    "node_modules/@uiw/react-color-editable-input-rgba": {
      "version": "2.10.0",
      "resolved": "https://registry.npmjs.org/@uiw/react-color-editable-input-rgba/-/react-color-editable-input-rgba-2.10.0.tgz",
      "integrity": "sha512-e4pTP2CLnR4Ha6ZfP6q7GLFd3NkgsVRaO5lHEKljBPlGzPxJmMFlJ4VUHRxwHanISwQkJDmPaU8J3IBZyorPJA==",
      "license": "MIT",
      "dependencies": {
        "@uiw/color-convert": "2.10.0",
        "@uiw/react-color-editable-input": "2.10.0"
      },
      "funding": {
        "url": "https://jaywcjlove.github.io/#/sponsor"
      },
      "peerDependencies": {
        "@babel/runtime": ">=7.19.0",
        "react": ">=16.9.0",
        "react-dom": ">=16.9.0"
      }
    },
    "node_modules/@uiw/react-color-github": {
      "version": "2.10.0",
      "resolved": "https://registry.npmjs.org/@uiw/react-color-github/-/react-color-github-2.10.0.tgz",
      "integrity": "sha512-dahUCuU63mHWFOwfRfEIOuzmV3h2O8vu8wRr4UXF62et6CCCfr+5ZF6Q/XxX1fjBA1TNbMOGnuI8knSEVAZhNg==",
      "license": "MIT",
      "dependencies": {
        "@uiw/color-convert": "2.10.0",
        "@uiw/react-color-swatch": "2.10.0"
      },
      "funding": {
        "url": "https://jaywcjlove.github.io/#/sponsor"
      },
      "peerDependencies": {
        "@babel/runtime": ">=7.19.0",
        "react": ">=16.9.0",
        "react-dom": ">=16.9.0"
      }
    },
    "node_modules/@uiw/react-color-hue": {
      "version": "2.10.0",
      "resolved": "https://registry.npmjs.org/@uiw/react-color-hue/-/react-color-hue-2.10.0.tgz",
      "integrity": "sha512-C/l3UsHq/8Re7a5e4WI4lgMOeNQNNOMby10O/uOHUYbzWEd1zC1ZM9WhsN44ZXwR3FbaaQ01YenuXl9c19z77g==",
      "license": "MIT",
      "dependencies": {
        "@uiw/color-convert": "2.10.0",
        "@uiw/react-color-alpha": "2.10.0"
      },
      "funding": {
        "url": "https://jaywcjlove.github.io/#/sponsor"
      },
      "peerDependencies": {
        "@babel/runtime": ">=7.19.0",
        "react": ">=16.9.0",
        "react-dom": ">=16.9.0"
      }
    },
    "node_modules/@uiw/react-color-material": {
      "version": "2.10.0",
      "resolved": "https://registry.npmjs.org/@uiw/react-color-material/-/react-color-material-2.10.0.tgz",
      "integrity": "sha512-H0frUGmsx1qj/vtKRmPf6czu8KzJPnjL6x5fzOU4JhNkg73A5THPDEu+5IurSYII5+ChAYJ7LOwCUQGOd4paMQ==",
      "license": "MIT",
      "dependencies": {
        "@uiw/color-convert": "2.10.0",
        "@uiw/react-color-editable-input": "2.10.0",
        "@uiw/react-color-editable-input-rgba": "2.10.0"
      },
      "funding": {
        "url": "https://jaywcjlove.github.io/#/sponsor"
      },
      "peerDependencies": {
        "@babel/runtime": ">=7.19.0",
        "react": ">=16.9.0",
        "react-dom": ">=16.9.0"
      }
    },
    "node_modules/@uiw/react-color-name": {
      "version": "2.10.0",
      "resolved": "https://registry.npmjs.org/@uiw/react-color-name/-/react-color-name-2.10.0.tgz",
      "integrity": "sha512-KdJhTC51Blb22dXI303e2K1q6MrdOy0WWNAb2U71KMQaBSh3hB8olnsI6eF5MyxrV3dL+3AwN+p7s954QzeA2A==",
      "license": "MIT",
      "dependencies": {
        "colors-named": "^1.0.1",
        "colors-named-hex": "^1.0.1"
      },
      "funding": {
        "url": "https://jaywcjlove.github.io/#/sponsor"
      },
      "peerDependencies": {
        "@babel/runtime": ">=7.19.0"
      }
    },
    "node_modules/@uiw/react-color-saturation": {
      "version": "2.10.0",
      "resolved": "https://registry.npmjs.org/@uiw/react-color-saturation/-/react-color-saturation-2.10.0.tgz",
      "integrity": "sha512-GDEdktEWsr0V/5Pi6QtFGrX/TwJ7ZE90nG7xFeuzSqxnVUqlbu0izKwt2Tyg254fFHSlEPv53CZgbyWZ0vpwLQ==",
      "license": "MIT",
      "dependencies": {
        "@uiw/color-convert": "2.10.0",
        "@uiw/react-drag-event-interactive": "2.10.0"
      },
      "funding": {
        "url": "https://jaywcjlove.github.io/#/sponsor"
      },
      "peerDependencies": {
        "@babel/runtime": ">=7.19.0",
        "react": ">=16.9.0",
        "react-dom": ">=16.9.0"
      }
    },
    "node_modules/@uiw/react-color-shade-slider": {
      "version": "2.10.0",
      "resolved": "https://registry.npmjs.org/@uiw/react-color-shade-slider/-/react-color-shade-slider-2.10.0.tgz",
      "integrity": "sha512-sdQ521RMl3u3U4oHuYPzoxuPayLCMjYHmDh6qsDqBzHLCF652MnLUmoHuSTQJQfPmKXB9AS5kI3YsI4Fqxdw0Q==",
      "license": "MIT",
      "dependencies": {
        "@uiw/color-convert": "2.10.0",
        "@uiw/react-color-alpha": "2.10.0"
      },
      "funding": {
        "url": "https://jaywcjlove.github.io/#/sponsor"
      },
      "peerDependencies": {
        "@babel/runtime": ">=7.19.0",
        "react": ">=16.9.0",
        "react-dom": ">=16.9.0"
      }
    },
    "node_modules/@uiw/react-color-sketch": {
      "version": "2.10.0",
      "resolved": "https://registry.npmjs.org/@uiw/react-color-sketch/-/react-color-sketch-2.10.0.tgz",
      "integrity": "sha512-keM9a95mX7HeHxtZ5rglsMdFfakNwFUSAeMkkR0fsV04lC4CgpO5Ou1UdaJx5pkJ/eKksJj0QgAYC1NY6urZMw==",
      "license": "MIT",
      "dependencies": {
        "@uiw/color-convert": "2.10.0",
        "@uiw/react-color-alpha": "2.10.0",
        "@uiw/react-color-editable-input": "2.10.0",
        "@uiw/react-color-editable-input-rgba": "2.10.0",
        "@uiw/react-color-hue": "2.10.0",
        "@uiw/react-color-saturation": "2.10.0",
        "@uiw/react-color-swatch": "2.10.0"
      },
      "funding": {
        "url": "https://jaywcjlove.github.io/#/sponsor"
      },
      "peerDependencies": {
        "@babel/runtime": ">=7.19.0",
        "react": ">=16.9.0",
        "react-dom": ">=16.9.0"
      }
    },
    "node_modules/@uiw/react-color-slider": {
      "version": "2.10.0",
      "resolved": "https://registry.npmjs.org/@uiw/react-color-slider/-/react-color-slider-2.10.0.tgz",
      "integrity": "sha512-e/+/HHI+GLU1af3NBtSmskF3uyowI4PecDU4ysPtSjjYPFHkgb+aF9DhCysceQrcTaEZh+Pd7KcXCHWrW8nUXg==",
      "license": "MIT",
      "dependencies": {
        "@uiw/color-convert": "2.10.0",
        "@uiw/react-color-alpha": "2.10.0"
      },
      "funding": {
        "url": "https://jaywcjlove.github.io/#/sponsor"
      },
      "peerDependencies": {
        "@babel/runtime": ">=7.19.0",
        "react": ">=16.9.0",
        "react-dom": ">=16.9.0"
      }
    },
    "node_modules/@uiw/react-color-swatch": {
      "version": "2.10.0",
      "resolved": "https://registry.npmjs.org/@uiw/react-color-swatch/-/react-color-swatch-2.10.0.tgz",
      "integrity": "sha512-2gyrqmkZrkV/ULXVzhyDv9AvORekeyxeMR+tbOTDQjoV5S/bozceHe0JvsJdisnml9Aq1viVg2x8JUE6LjJo9w==",
      "license": "MIT",
      "dependencies": {
        "@uiw/color-convert": "2.10.0"
      },
      "funding": {
        "url": "https://jaywcjlove.github.io/#/sponsor"
      },
      "peerDependencies": {
        "@babel/runtime": ">=7.19.0",
        "react": ">=16.9.0",
        "react-dom": ">=16.9.0"
      }
    },
    "node_modules/@uiw/react-color-wheel": {
      "version": "2.10.0",
      "resolved": "https://registry.npmjs.org/@uiw/react-color-wheel/-/react-color-wheel-2.10.0.tgz",
      "integrity": "sha512-1bdFdUC+tsoNaSH3obKx3NjWG+kClccoUGAmZ8oeVw8kALvtlJ8GjLMPfQ8AuyztaLdwlaTx4BBh+34Mprw4nA==",
      "license": "MIT",
      "dependencies": {
        "@uiw/color-convert": "2.10.0",
        "@uiw/react-drag-event-interactive": "2.10.0"
      },
      "funding": {
        "url": "https://jaywcjlove.github.io/#/sponsor"
      },
      "peerDependencies": {
        "@babel/runtime": ">=7.19.0",
        "react": ">=16.9.0",
        "react-dom": ">=16.9.0"
      }
    },
    "node_modules/@uiw/react-drag-event-interactive": {
      "version": "2.10.0",
      "resolved": "https://registry.npmjs.org/@uiw/react-drag-event-interactive/-/react-drag-event-interactive-2.10.0.tgz",
      "integrity": "sha512-+TIgGJdvC87L6V5JEP5QJ01aVDHBoSQe1inc/fkkhdOQgnkXwWasqLaSrnpO71W0KYHgkMEfTtj8aZVLsUhtjA==",
      "license": "MIT",
      "funding": {
        "url": "https://jaywcjlove.github.io/#/sponsor"
      },
      "peerDependencies": {
        "@babel/runtime": ">=7.19.0",
        "react": ">=16.9.0",
        "react-dom": ">=16.9.0"
      }
    },
    "node_modules/colors-named": {
      "version": "1.0.5",
      "resolved": "https://registry.npmjs.org/colors-named/-/colors-named-1.0.5.tgz",
      "integrity": "sha512-xaspf9oddAOqP2LYNOgp8E3BwAzugrdO9J1kDNS5ySrzTgV9hrXGBt5w87ioLEr2pM4Ukt+GKedvzaLRxpv8pA==",
      "license": "MIT",
      "engines": {
        "node": ">=14.16"
      },
      "funding": {
        "url": "https://jaywcjlove.github.io/#/sponsor"
      }
    },
    "node_modules/colors-named-hex": {
      "version": "1.0.4",
      "resolved": "https://registry.npmjs.org/colors-named-hex/-/colors-named-hex-1.0.4.tgz",
      "integrity": "sha512-X+Enw/2fFAgDRhUac69cRO/RJvHnWDBBrP8J1sJuEU16Buiiu8PPpJP4abSo0V+fJbkfwmQITE6zKx/SBJERGw==",
      "license": "MIT",
      "engines": {
        "node": ">=14.16"
      },
      "funding": {
        "url": "https://jaywcjlove.github.io/#/sponsor"
      }
    },
    "node_modules/react": {
      "version": "19.2.4",
      "resolved": "https://registry.npmjs.org/react/-/react-19.2.4.tgz",
      "integrity": "sha512-9nfp2hYpCwOjAN+8TZFGhtWEwgvWHXqESH8qT89AT/lWklpLON22Lc8pEtnpsZz7VmawabSU0gCjnj8aC0euHQ==",
      "license": "MIT",
      "peer": true,
      "engines": {
        "node": ">=0.10.0"
      }
    },
    "node_modules/react-colorful": {
      "version": "5.6.1",
      "resolved": "https://registry.npmjs.org/react-colorful/-/react-colorful-5.6.1.tgz",
      "integrity": "sha512-1exovf0uGTGyq5mXQT0zgQ80uvj2PCwvF8zY1RN9/vbJVSjSo3fsB/4L3ObbF7u70NduSiK4xu4Y6q1MHoUGEw==",
      "license": "MIT",
      "peerDependencies": {
        "react": ">=16.8.0",
        "react-dom": ">=16.8.0"
      }
    },
    "node_modules/react-dom": {
      "version": "19.2.4",
      "resolved": "https://registry.npmjs.org/react-dom/-/react-dom-19.2.4.tgz",
      "integrity": "sha512-AXJdLo8kgMbimY95O2aKQqsz2iWi9jMgKJhRBAxECE4IFxfcazB2LmzloIoibJI3C12IlY20+KFaLv+71bUJeQ==",
      "license": "MIT",
      "peer": true,
      "dependencies": {
        "scheduler": "^0.27.0"
      },
      "peerDependencies": {
        "react": "^19.2.4"
      }
    },
    "node_modules/scheduler": {
      "version": "0.27.0",
      "resolved": "https://registry.npmjs.org/scheduler/-/scheduler-0.27.0.tgz",
      "integrity": "sha512-eNv+WrVbKu1f3vbYJT/xtiF5syA5HPIMtf9IgY/nKg0sWqzAUEvqY/xm7OcZc/qafLx/iO9FgOmeSAp4v5ti/Q==",
      "license": "MIT",
      "peer": true
    }
  }
}
